{
  "requires": true,
  "lockfileVersion": 1,
  "dependencies": {
    "howler": {
      "version": "2.2.3",
      "resolved": "https://registry.npmjs.org/howler/-/howler-2.2.3.tgz",
      "integrity": "sha512-QM0FFkw0LRX1PR8pNzJVAY25JhIWvbKMBFM4gqk+QdV+kPXOhleWGCB6AiAF/goGjIHK2e/nIElplvjQwhr0jg=="
    },
    "use-sound": {
      "version": "4.0.0",
      "resolved": "https://registry.npmjs.org/use-sound/-/use-sound-4.0.0.tgz",
      "integrity": "sha512-2KP2d7MerJSEeRy6BSUJ9fZ2mjhMvSS9GT8DJJmcGwXuf0N+mx5kYGBXZTGYIP6xuuU55N/0az2sbrr0/PXCkA==",
      "requires": {
        "howler": "^2.1.3"
      }
    }
  }
}
